dependencies:
  espressif/esp_websocket_client:
    component_hash: ae561d39222a399ddda5e470913c3d54a3c0f53dce15b8d21a3aaa4226dd74b1
    source:
      service_url: https://api.components.espressif.com/
      type: service
    version: 1.2.3
  idf:
    component_hash: null
    source:
      type: idf
    version: 5.3.0
  protocol_examples_common:
    component_hash: null
    source:
      path: C:\Users\Max\.platformio\packages\framework-espidf\examples\common_components\protocol_examples_common
      type: local
    version: '*'
manifest_hash: 061b6b93bc5ceb74e2b29b40d49cf7027d8b476c399029f1870a59da703ce869
target: esp32
version: 1.0.0
